// !$*UTF8*$!
{
	archiveVersion = 1;
	classes = {
	};
	objectVersion = 46;
	objects = {

/* Begin PBXBuildFile section */
		F7580A0C1CA43E6C005D5F50 /* AppDelegate.swift in Sources */ = {isa = PBXBuildFile; fileRef = F7580A0B1CA43E6C005D5F50 /* AppDelegate.swift */; };
		F7580A0E1CA43E6C005D5F50 /* RecordSoundsViewController.swift in Sources */ = {isa = PBXBuildFile; fileRef = F7580A0D1CA43E6C005D5F50 /* RecordSoundsViewController.swift */; };
		F7580A111CA43E6C005D5F50 /* Main.storyboard in Resources */ = {isa = PBXBuildFile; fileRef = F7580A0F1CA43E6C005D5F50 /* Main.storyboard */; };
		F7580A131CA43E6C005D5F50 /* Assets.xcassets in Resources */ = {isa = PBXBuildFile; fileRef = F7580A121CA43E6C005D5F50 /* Assets.xcassets */; };
		F7580A161CA43E6C005D5F50 /* LaunchScreen.storyboard in Resources */ = {isa = PBXBuildFile; fileRef = F7580A141CA43E6C005D5F50 /* LaunchScreen.storyboard */; };
		F7580A211CA43E6C005D5F50 /* PitchPerfectTests.swift in Sources */ = {isa = PBXBuildFile; fileRef = F7580A201CA43E6C005D5F50 /* PitchPerfectTests.swift */; };
		F7580A2C1CA43E6C005D5F50 /* PitchPerfectUITests.swift in Sources */ = {isa = PBXBuildFile; fileRef = F7580A2B1CA43E6C005D5F50 /* PitchPerfectUITests.swift */; };
		F77BD75B1CABCF75009E9A58 /* AVFunctions.swift in Sources */ = {isa = PBXBuildFile; fileRef = F77BD75A1CABCF75009E9A58 /* AVFunctions.swift */; };
		F7E868A81CA5876600F1E647 /* PlaySoundViewController.swift in Sources */ = {isa = PBXBuildFile; fileRef = F7E868A71CA5876600F1E647 /* PlaySoundViewController.swift */; };
/* End PBXBuildFile section */

/* Begin PBXContainerItemProxy section */
		F7580A1D1CA43E6C005D5F50 /* PBXContainerItemProxy */ = {
			isa = PBXContainerItemProxy;
			containerPortal = F7580A001CA43E6C005D5F50 /* Project object */;
			proxyType = 1;
			remoteGlobalIDString = F7580A071CA43E6C005D5F50;
			remoteInfo = PitchPerfect;
		};
		F7580A281CA43E6C005D5F50 /* PBXContainerItemProxy */ = {
			isa = PBXContainerItemProxy;
			containerPortal = F7580A001CA43E6C005D5F50 /* Project object */;
			proxyType = 1;
			remoteGlobalIDString = F7580A071CA43E6C005D5F50;
			remoteInfo = PitchPerfect;
		};
/* End PBXContainerItemProxy section */

/* Begin PBXFileReference section */
		F7580A081CA43E6C005D5F50 /* PitchPerfect.app */ = {isa = PBXFileReference; explicitFileType = wrapper.application; includeInIndex = 0; path = PitchPerfect.app; sourceTree = BUILT_PRODUCTS_DIR; };
		F7580A0B1CA43E6C005D5F50 /* AppDelegate.swift */ = {isa = PBXFileReference; lastKnownFileType = sourcecode.swift; path = AppDelegate.swift; sourceTree = "<group>"; };
		F7580A0D1CA43E6C005D5F50 /* RecordSoundsViewController.swift */ = {isa = PBXFileReference; lastKnownFileType = sourcecode.swift; path = RecordSoundsViewController.swift; sourceTree = "<group>"; };
		F7580A101CA43E6C005D5F50 /* Base */ = {isa = PBXFileReference; lastKnownFileType = file.storyboard; name = Base; path = Base.lproj/Main.storyboard; sourceTree = "<group>"; };
		F7580A121CA43E6C005D5F50 /* Assets.xcassets */ = {isa = PBXFileReference; lastKnownFileType = folder.assetcatalog; path = Assets.xcassets; sourceTree = "<group>"; };
		F7580A151CA43E6C005D5F50 /* Base */ = {isa = PBXFileReference; lastKnownFileType = file.storyboard; name = Base; path = Base.lproj/LaunchScreen.storyboard; sourceTree = "<group>"; };
		F7580A171CA43E6C005D5F50 /* Info.plist */ = {isa = PBXFileReference; lastKnownFileType = text.plist.xml; path = Info.plist; sourceTree = "<group>"; };
		F7580A1C1CA43E6C005D5F50 /* PitchPerfectTests.xctest */ = {isa = PBXFileReference; explicitFileType = wrapper.cfbundle; includeInIndex = 0; path = PitchPerfectTests.xctest; sourceTree = BUILT_PRODUCTS_DIR; };
		F7580A201CA43E6C005D5F50 /* PitchPerfectTests.swift */ = {isa = PBXFileReference; lastKnownFileType = sourcecode.swift; path = PitchPerfectTests.swift; sourceTree = "<group>"; };
		F7580A221CA43E6C005D5F50 /* Info.plist */ = {isa = PBXFileReference; lastKnownFileType = text.plist.xml; path = Info.plist; sourceTree = "<group>"; };
		F7580A271CA43E6C005D5F50 /* PitchPerfectUITests.xctest */ = {isa = PBXFileReference; explicitFileType = wrapper.cfbundle; includeInIndex = 0; path = PitchPerfectUITests.xctest; sourceTree = BUILT_PRODUCTS_DIR; };
		F7580A2B1CA43E6C005D5F50 /* PitchPerfectUITests.swift */ = {isa = PBXFileReference; lastKnownFileType = sourcecode.swift; path = PitchPerfectUITests.swift; sourceTree = "<group>"; };
		F7580A2D1CA43E6C005D5F50 /* Info.plist */ = {isa = PBXFileReference; lastKnownFileType = text.plist.xml; path = Info.plist; sourceTree = "<group>"; };
		F77BD75A1CABCF75009E9A58 /* AVFunctions.swift */ = {isa = PBXFileReference; fileEncoding = 4; lastKnownFileType = sourcecode.swift; path = AVFunctions.swift; sourceTree = "<group>"; };
		F7E868A71CA5876600F1E647 /* PlaySoundViewController.swift */ = {isa = PBXFileReference; fileEncoding = 4; lastKnownFileType = sourcecode.swift; path = PlaySoundViewController.swift; sourceTree = "<group>"; };
/* End PBXFileReference section */

/* Begin PBXFrameworksBuildPhase section */
		F7580A051CA43E6C005D5F50 /* Frameworks */ = {
			isa = PBXFrameworksBuildPhase;
			buildActionMask = 2147483647;
			files = (
			);
			runOnlyForDeploymentPostprocessing = 0;
		};
		F7580A191CA43E6C005D5F50 /* Frameworks */ = {
			isa = PBXFrameworksBuildPhase;
			buildActionMask = 2147483647;
			files = (
			);
			runOnlyForDeploymentPostprocessing = 0;
		};
		F7580A241CA43E6C005D5F50 /* Frameworks */ = {
			isa = PBXFrameworksBuildPhase;
			buildActionMask = 2147483647;
			files = (
			);
			runOnlyForDeploymentPostprocessing = 0;
		};
/* End PBXFrameworksBuildPhase section */

/* Begin PBXGroup section */
		F75809FF1CA43E6C005D5F50 = {
			isa = PBXGroup;
			children = (
				F7580A0A1CA43E6C005D5F50 /* PitchPerfect */,
				F7580A1F1CA43E6C005D5F50 /* PitchPerfectTests */,
				F7580A2A1CA43E6C005D5F50 /* PitchPerfectUITests */,
				F7580A091CA43E6C005D5F50 /* Products */,
			);
			sourceTree = "<group>";
		};
		F7580A091CA43E6C005D5F50 /* Products */ = {
			isa = PBXGroup;
			children = (
				F7580A081CA43E6C005D5F50 /* PitchPerfect.app */,
				F7580A1C1CA43E6C005D5F50 /* PitchPerfectTests.xctest */,
				F7580A271CA43E6C005D5F50 /* PitchPerfectUITests.xctest */,
			);
			name = Products;
			sourceTree = "<group>";
		};
		F7580A0A1CA43E6C005D5F50 /* PitchPerfect */ = {
			isa = PBXGroup;
			children = (
				F77BD75A1CABCF75009E9A58 /* AVFunctions.swift */,
				F7580A0B1CA43E6C005D5F50 /* AppDelegate.swift */,
				F7580A0D1CA43E6C005D5F50 /* RecordSoundsViewController.swift */,
				F7580A0F1CA43E6C005D5F50 /* Main.storyboard */,
				F7E868A71CA5876600F1E647 /* PlaySoundViewController.swift */,
				F7580A121CA43E6C005D5F50 /* Assets.xcassets */,
				F7580A141CA43E6C005D5F50 /* LaunchScreen.storyboard */,
				F7580A171CA43E6C005D5F50 /* Info.plist */,
			);
			path = PitchPerfect;
			sourceTree = "<group>";
		};
		F7580A1F1CA43E6C005D5F50 /* PitchPerfectTests */ = {
			isa = PBXGroup;
			children = (
				F7580A201CA43E6C005D5F50 /* PitchPerfectTests.swift */,
				F7580A221CA43E6C005D5F50 /* Info.plist */,
			);
			path = PitchPerfectTests;
			sourceTree = "<group>";
		};
		F7580A2A1CA43E6C005D5F50 /* PitchPerfectUITests */ = {
			isa = PBXGroup;
			children = (
				F7580A2B1CA43E6C005D5F50 /* PitchPerfectUITests.swift */,
				F7580A2D1CA43E6C005D5F50 /* Info.plist */,
			);
			path = PitchPerfectUITests;
			sourceTree = "<group>";
		};
/* End PBXGroup section */

/* Begin PBXNativeTarget section */
		F7580A071CA43E6C005D5F50 /* PitchPerfect */ = {
			isa = PBXNativeTarget;
			buildConfigurationList = F7580A301CA43E6C005D5F50 /* Build configuration list for PBXNativeTarget "PitchPerfect" */;
			buildPhases = (
				F7580A041CA43E6C005D5F50 /* Sources */,
				F7580A051CA43E6C005D5F50 /* Frameworks */,
				F7580A061CA43E6C005D5F50 /* Resources */,
			);
			buildRules = (
			);
			dependencies = (
			);
			name = PitchPerfect;
			productName = PitchPerfect;
			productReference = F7580A081CA43E6C005D5F50 /* PitchPerfect.app */;
			productType = "com.apple.product-type.application";
		};
		F7580A1B1CA43E6C005D5F50 /* PitchPerfectTests */ = {
			isa = PBXNativeTarget;
			buildConfigurationList = F7580A331CA43E6C005D5F50 /* Build configuration list for PBXNativeTarget "PitchPerfectTests" */;
			buildPhases = (
				F7580A181CA43E6C005D5F50 /* Sources */,
				F7580A191CA43E6C005D5F50 /* Frameworks */,
				F7580A1A1CA43E6C005D5F50 /* Resources */,
			);
			buildRules = (
			);
			dependencies = (
				F7580A1E1CA43E6C005D5F50 /* PBXTargetDependency */,
			);
			name = PitchPerfectTests;
			productName = PitchPerfectTests;
			productReference = F7580A1C1CA43E6C005D5F50 /* PitchPerfectTests.xctest */;
			productType = "com.apple.product-type.bundle.unit-test";
		};
		F7580A261CA43E6C005D5F50 /* PitchPerfectUITests */ = {
			isa = PBXNativeTarget;
			buildConfigurationList = F7580A361CA43E6C005D5F50 /* Build configuration list for PBXNativeTarget "PitchPerfectUITests" */;
			buildPhases = (
				F7580A231CA43E6C005D5F50 /* Sources */,
				F7580A241CA43E6C005D5F50 /* Frameworks */,
				F7580A251CA43E6C005D5F50 /* Resources */,
			);
			buildRules = (
			);
			dependencies = (
				F7580A291CA43E6C005D5F50 /* PBXTargetDependency */,
			);
			name = PitchPerfectUITests;
			productName = PitchPerfectUITests;
			productReference = F7580A271CA43E6C005D5F50 /* PitchPerfectUITests.xctest */;
			productType = "com.apple.product-type.bundle.ui-testing";
		};
/* End PBXNativeTarget section */

/* Begin PBXProject section */
		F7580A001CA43E6C005D5F50 /* Project object */ = {
			isa = PBXProject;
			attributes = {
				LastSwiftUpdateCheck = 0720;
				LastUpgradeCheck = 0720;
				ORGANIZATIONNAME = "Xavier Heroult";
				TargetAttributes = {
					F7580A071CA43E6C005D5F50 = {
						CreatedOnToolsVersion = 7.2.1;
						DevelopmentTeam = GGMZGKX33T;
					};
					F7580A1B1CA43E6C005D5F50 = {
						CreatedOnToolsVersion = 7.2.1;
						DevelopmentTeam = GGMZGKX33T;
						TestTargetID = F7580A071CA43E6C005D5F50;
					};
					F7580A261CA43E6C005D5F50 = {
						CreatedOnToolsVersion = 7.2.1;
						DevelopmentTeam = GGMZGKX33T;
						TestTargetID = F7580A071CA43E6C005D5F50;
					};
				};
			};
			buildConfigurationList = F7580A031CA43E6C005D5F50 /* Build configuration list for PBXProject "PitchPerfect" */;
			compatibilityVersion = "Xcode 3.2";
			developmentRegion = English;
			hasScannedForEncodings = 0;
			knownRegions = (
				en,
				Base,
			);
			mainGroup = F75809FF1CA43E6C005D5F50;
			productRefGroup = F7580A091CA43E6C005D5F50 /* Products */;
			projectDirPath = "";
			projectRoot = "";
			targets = (
				F7580A071CA43E6C005D5F50 /* PitchPerfect */,
				F7580A1B1CA43E6C005D5F50 /* PitchPerfectTests */,
				F7580A261CA43E6C005D5F50 /* PitchPerfectUITests */,
			);
		};
/* End PBXProject section */

/* Begin PBXResourcesBuildPhase section */
		F7580A061CA43E6C005D5F50 /* Resources */ = {
			isa = PBXResourcesBuildPhase;
			buildActionMask = 2147483647;
			files = (
				F7580A161CA43E6C005D5F50 /* LaunchScreen.storyboard in Resources */,
				F7580A131CA43E6C005D5F50 /* Assets.xcassets in Resources */,
				F7580A111CA43E6C005D5F50 /* Main.storyboard in Resources */,
			);
			runOnlyForDeploymentPostprocessing = 0;
		};
		F7580A1A1CA43E6C005D5F50 /* Resources */ = {
			isa = PBXResourcesBuildPhase;
			buildActionMask = 2147483647;
			files = (
			);
			runOnlyForDeploymentPostprocessing = 0;
		};
		F7580A251CA43E6C005D5F50 /* Resources */ = {
			isa = PBXResourcesBuildPhase;
			buildActionMask = 2147483647;
			files = (
			);
			runOnlyForDeploymentPostprocessing = 0;
		};
/* End PBXResourcesBuildPhase section */

/* Begin PBXSourcesBuildPhase section */
		F7580A041CA43E6C005D5F50 /* Sources */ = {
			isa = PBXSourcesBuildPhase;
			buildActionMask = 2147483647;
			files = (
				F77BD75B1CABCF75009E9A58 /* AVFunctions.swift in Sources */,
				F7580A0E1CA43E6C005D5F50 /* RecordSoundsViewController.swift in Sources */,
				F7E868A81CA5876600F1E647 /* PlaySoundViewController.swift in Sources */,
				F7580A0C1CA43E6C005D5F50 /* AppDelegate.swift in Sources */,
			);
			runOnlyForDeploymentPostprocessing = 0;
		};
		F7580A181CA43E6C005D5F50 /* Sources */ = {
			isa = PBXSourcesBuildPhase;
			buildActionMask = 2147483647;
			files = (
				F7580A211CA43E6C005D5F50 /* PitchPerfectTests.swift in Sources */,
			);
			runOnlyForDeploymentPostprocessing = 0;
		};
		F7580A231CA43E6C005D5F50 /* Sources */ = {
			isa = PBXSourcesBuildPhase;
			buildActionMask = 2147483647;
			files = (
				F7580A2C1CA43E6C005D5F50 /* PitchPerfectUITests.swift in Sources */,
			);
			runOnlyForDeploymentPostprocessing = 0;
		};
/* End PBXSourcesBuildPhase section */

/* Begin PBXTargetDependency section */
		F7580A1E1CA43E6C005D5F50 /* PBXTargetDependency */ = {
			isa = PBXTargetDependency;
			target = F7580A071CA43E6C005D5F50 /* PitchPerfect */;
			targetProxy = F7580A1D1CA43E6C005D5F50 /* PBXContainerItemProxy */;
		};
		F7580A291CA43E6C005D5F50 /* PBXTargetDependency */ = {
			isa = PBXTargetDependency;
			target = F7580A071CA43E6C005D5F50 /* PitchPerfect */;
			targetProxy = F7580A281CA43E6C005D5F50 /* PBXContainerItemProxy */;
		};
/* End PBXTargetDependency section */

/* Begin PBXVariantGroup section */
		F7580A0F1CA43E6C005D5F50 /* Main.storyboard */ = {
			isa = PBXVariantGroup;
			children = (
				F7580A101CA43E6C005D5F50 /* Base */,
			);
			name = Main.storyboard;
			sourceTree = "<group>";
		};
		F7580A141CA43E6C005D5F50 /* LaunchScreen.storyboard */ = {
			isa = PBXVariantGroup;
			children = (
				F7580A151CA43E6C005D5F50 /* Base */,
			);
			name = LaunchScreen.storyboard;
			sourceTree = "<group>";
		};
/* End PBXVariantGroup section */

/* Begin XCBuildConfiguration section */
		F7580A2E1CA43E6C005D5F50 /* Debug */ = {
			isa = XCBuildConfiguration;
			buildSettings = {
				ALWAYS_SEARCH_USER_PATHS = NO;
				CLANG_CXX_LANGUAGE_STANDARD = "gnu++0x";
				CLANG_CXX_LIBRARY = "libc++";
				CLANG_ENABLE_MODULES = YES;
				CLANG_ENABLE_OBJC_ARC = YES;
				CLANG_WARN_BOOL_CONVERSION = YES;
				CLANG_WARN_CONSTANT_CONVERSION = YES;
				CLANG_WARN_DIRECT_OBJC_ISA_USAGE = YES_ERROR;
				CLANG_WARN_EMPTY_BODY = YES;
				CLANG_WARN_ENUM_CONVERSION = YES;
				CLANG_WARN_INT_CONVERSION = YES;
				CLANG_WARN_OBJC_ROOT_CLASS = YES_ERROR;
				CLANG_WARN_UNREACHABLE_CODE = YES;
				CLANG_WARN__DUPLICATE_METHOD_MATCH = YES;
				"CODE_SIGN_IDENTITY[sdk=iphoneos*]" = "iPhone Developer";
				COPY_PHASE_STRIP = NO;
				DEBUG_INFORMATION_FORMAT = dwarf;
				ENABLE_STRICT_OBJC_MSGSEND = YES;
				ENABLE_TESTABILITY = YES;
				GCC_C_LANGUAGE_STANDARD = gnu99;
				GCC_DYNAMIC_NO_PIC = NO;
				GCC_NO_COMMON_BLOCKS = YES;
				GCC_OPTIMIZATION_LEVEL = 0;
				GCC_PREPROCESSOR_DEFINITIONS = (
					"DEBUG=1",
					"$(inherited)",
				);
				GCC_WARN_64_TO_32_BIT_CONVERSION = YES;
				GCC_WARN_ABOUT_RETURN_TYPE = YES_ERROR;
				GCC_WARN_UNDECLARED_SELECTOR = YES;
				GCC_WARN_UNINITIALIZED_AUTOS = YES_AGGRESSIVE;
				GCC_WARN_UNUSED_FUNCTION = YES;
				GCC_WARN_UNUSED_VARIABLE = YES;
				IPHONEOS_DEPLOYMENT_TARGET = 9.2;
				MTL_ENABLE_DEBUG_INFO = YES;
				ONLY_ACTIVE_ARCH = YES;
				SDKROOT = iphoneos;
				SWIFT_OPTIMIZATION_LEVEL = "-Onone";
				TARGETED_DEVICE_FAMILY = "1,2";
			};
			name = Debug;
		};
		F7580A2F1CA43E6C005D5F50 /* Release */ = {
			isa = XCBuildConfiguration;
			buildSettings = {
				ALWAYS_SEARCH_USER_PATHS = NO;
				CLANG_CXX_LANGUAGE_STANDARD = "gnu++0x";
				CLANG_CXX_LIBRARY = "libc++";
				CLANG_ENABLE_MODULES = YES;
				CLANG_ENABLE_OBJC_ARC = YES;
				CLANG_WARN_BOOL_CONVERSION = YES;
				CLANG_WARN_CONSTANT_CONVERSION = YES;
				CLANG_WARN_DIRECT_OBJC_ISA_USAGE = YES_ERROR;
				CLANG_WARN_EMPTY_BODY = YES;
				CLANG_WARN_ENUM_CONVERSION = YES;
				CLANG_WARN_INT_CONVERSION = YES;
				CLANG_WARN_OBJC_ROOT_CLASS = YES_ERROR;
				CLANG_WARN_UNREACHABLE_CODE = YES;
				CLANG_WARN__DUPLICATE_METHOD_MATCH = YES;
				"CODE_SIGN_IDENTITY[sdk=iphoneos*]" = "iPhone Developer";
				COPY_PHASE_STRIP = NO;
				DEBUG_INFORMATION_FORMAT = "dwarf-with-dsym";
				ENABLE_NS_ASSERTIONS = NO;
				ENABLE_STRICT_OBJC_MSGSEND = YES;
				GCC_C_LANGUAGE_STANDARD = gnu99;
				GCC_NO_COMMON_BLOCKS = YES;
				GCC_WARN_64_TO_32_BIT_CONVERSION = YES;
				GCC_WARN_ABOUT_RETURN_TYPE = YES_ERROR;
				GCC_WARN_UNDECLARED_SELECTOR = YES;
				GCC_WARN_UNINITIALIZED_AUTOS = YES_AGGRESSIVE;
				GCC_WARN_UNUSED_FUNCTION = YES;
				GCC_WARN_UNUSED_VARIABLE = YES;
				IPHONEOS_DEPLOYMENT_TARGET = 9.2;
				MTL_ENABLE_DEBUG_INFO = NO;
				SDKROOT = iphoneos;
				TARGETED_DEVICE_FAMILY = "1,2";
				VALIDATE_PRODUCT = YES;
			};
			name = Release;
		};
		F7580A311CA43E6C005D5F50 /* Debug */ = {
			isa = XCBuildConfiguration;
			buildSettings = {
				ASSETCATALOG_COMPILER_APPICON_NAME = AppIcon;
				CODE_SIGN_IDENTITY = "iPhone Developer";
				"CODE_SIGN_IDENTITY[sdk=iphoneos*]" = "iPhone Developer";
				INFOPLIST_FILE = PitchPerfect/Info.plist;
				LD_RUNPATH_SEARCH_PATHS = "$(inherited) @executable_path/Frameworks";
				PRODUCT_BUNDLE_IDENTIFIER = com.xavierheroult.pitch;
				PRODUCT_NAME = "$(TARGET_NAME)";
				PROVISIONING_PROFILE = "";
			};
			name = Debug;
		};
		F7580A321CA43E6C005D5F50 /* Release */ = {
			isa = XCBuildConfiguration;
			buildSettings = {
				ASSETCATALOG_COMPILER_APPICON_NAME = AppIcon;
				CODE_SIGN_IDENTITY = "iPhone Developer";
				"CODE_SIGN_IDENTITY[sdk=iphoneos*]" = "iPhone Developer";
				INFOPLIST_FILE = PitchPerfect/Info.plist;
				LD_RUNPATH_SEARCH_PATHS = "$(inherited) @executable_path/Frameworks";
				PRODUCT_BUNDLE_IDENTIFIER = com.xavierheroult.pitch;
				PRODUCT_NAME = "$(TARGET_NAME)";
				PROVISIONING_PROFILE = "";
			};
			name = Release;
		};
		F7580A341CA43E6C005D5F50 /* Debug */ = {
			isa = XCBuildConfiguration;
			buildSettings = {
				BUNDLE_LOADER = "$(TEST_HOST)";
				INFOPLIST_FILE = PitchPerfectTests/Info.plist;
				LD_RUNPATH_SEARCH_PATHS = "$(inherited) @executable_path/Frameworks @loader_path/Frameworks";
				PRODUCT_BUNDLE_IDENTIFIER = com.xavierheroult.PitchPerfectTests;
				PRODUCT_NAME = "$(TARGET_NAME)";
				TEST_HOST = "$(BUILT_PRODUCTS_DIR)/PitchPerfect.app/PitchPerfect";
			};
			name = Debug;
		};
		F7580A351CA43E6C005D5F50 /* Release */ = {
			isa = XCBuildConfiguration;
			buildSettings = {
				BUNDLE_LOADER = "$(TEST_HOST)";
				INFOPLIST_FILE = PitchPerfectTests/Info.plist;
				LD_RUNPATH_SEARCH_PATHS = "$(inherited) @executable_path/Frameworks @loader_path/Frameworks";
				PRODUCT_BUNDLE_IDENTIFIER = com.xavierheroult.PitchPerfectTests;
				PRODUCT_NAME = "$(TARGET_NAME)";
				TEST_HOST = "$(BUILT_PRODUCTS_DIR)/PitchPerfect.app/PitchPerfect";
			};
			name = Release;
		};
		F7580A371CA43E6C005D5F50 /* Debug */ = {
			isa = XCBuildConfiguration;
			buildSettings = {
				INFOPLIST_FILE = PitchPerfectUITests/Info.plist;
				LD_RUNPATH_SEARCH_PATHS = "$(inherited) @executable_path/Frameworks @loader_path/Frameworks";
				PRODUCT_BUNDLE_IDENTIFIER = com.xavierheroult.PitchPerfectUITests;
				PRODUCT_NAME = "$(TARGET_NAME)";
				TEST_TARGET_NAME = PitchPerfect;
				USES_XCTRUNNER = YES;
			};
			name = Debug;
		};
		F7580A381CA43E6C005D5F50 /* Release */ = {
			isa = XCBuildConfiguration;
			buildSettings = {
				INFOPLIST_FILE = PitchPerfectUITests/Info.plist;
				LD_RUNPATH_SEARCH_PATHS = "$(inherited) @executable_path/Frameworks @loader_path/Frameworks";
				PRODUCT_BUNDLE_IDENTIFIER = com.xavierheroult.PitchPerfectUITests;
				PRODUCT_NAME = "$(TARGET_NAME)";
				TEST_TARGET_NAME = PitchPerfect;
				USES_XCTRUNNER = YES;
			};
			name = Release;
		};
/* End XCBuildConfiguration section */

/* Begin XCConfigurationList section */
		F7580A031CA43E6C005D5F50 /* Build configuration list for PBXProject "PitchPerfect" */ = {
			isa = XCConfigurationList;
			buildConfigurations = (
				F7580A2E1CA43E6C005D5F50 /* Debug */,
				F7580A2F1CA43E6C005D5F50 /* Release */,
			);
			defaultConfigurationIsVisible = 0;
			defaultConfigurationName = Release;
		};
		F7580A301CA43E6C005D5F50 /* Build configuration list for PBXNativeTarget "PitchPerfect" */ = {
			isa = XCConfigurationList;
			buildConfigurations = (
				F7580A311CA43E6C005D5F50 /* Debug */,
				F7580A321CA43E6C005D5F50 /* Release */,
			);
			defaultConfigurationIsVisible = 0;
			defaultConfigurationName = Release;
		};
		F7580A331CA43E6C005D5F50 /* Build configuration list for PBXNativeTarget "PitchPerfectTests" */ = {
			isa = XCConfigurationList;
			buildConfigurations = (
				F7580A341CA43E6C005D5F50 /* Debug */,
				F7580A351CA43E6C005D5F50 /* Release */,
			);
			defaultConfigurationIsVisible = 0;
			defaultConfigurationName = Release;
		};
		F7580A361CA43E6C005D5F50 /* Build configuration list for PBXNativeTarget "PitchPerfectUITests" */ = {
			isa = XCConfigurationList;
			buildConfigurations = (
				F7580A371CA43E6C005D5F50 /* Debug */,
				F7580A381CA43E6C005D5F50 /* Release */,
			);
			defaultConfigurationIsVisible = 0;
			defaultConfigurationName = Release;
		};
/* End XCConfigurationList section */
	};
	rootObject = F7580A001CA43E6C005D5F50 /* Project object */;
}
